
Microsoft Visual Studio Solution File, Format Version 12.00
# Visual Studio Version 16
VisualStudioVersion = 16.0.30621.155
MinimumVisualStudioVersion = 10.0.40219.1
Project("{FAE04EC0-301F-11D3-BF4B-00C04F79EFBC}") = "UrlShortenerWebApp", "UrlShortenerWebApp.csproj", "{0AD214D7-5F4F-494B-997E-0CBB0D4102ED}"
EndProject
Global
	GlobalSection(SolutionConfigurationPlatforms) = preSolution
		Debug|Any CPU = Debug|Any CPU
		Release|Any CPU = Release|Any CPU
	EndGlobalSection
	GlobalSection(ProjectConfigurationPlatforms) = postSolution
		{0AD214D7-5F4F-494B-997E-0CBB0D4102ED}.Debug|Any CPU.ActiveCfg = Debug|Any CPU
		{0AD214D7-5F4F-494B-997E-0CBB0D4102ED}.Debug|Any CPU.Build.0 = Debug|Any CPU
		{0AD214D7-5F4F-494B-997E-0CBB0D4102ED}.Release|Any CPU.ActiveCfg = Release|Any CPU
		{0AD214D7-5F4F-494B-997E-0CBB0D4102ED}.Release|Any CPU.Build.0 = Release|Any CPU
	EndGlobalSection
	GlobalSection(SolutionProperties) = preSolution
		HideSolutionNode = FALSE
	EndGlobalSection
	GlobalSection(ExtensibilityGlobals) = postSolution
		SolutionGuid = {2AFB47B8-B0E1-44B8-ACE9-6131D61195BC}
	EndGlobalSection
EndGlobal
